// !$*UTF8*$!
{
	archiveVersion = 1;
	classes = {
	};
	objectVersion = 56;
	objects = {

/* Begin PBXBuildFile section */
		6C4B07E12BE8C5F10057C9CF /* wasteManagementApp.swift in Sources */ = {isa = PBXBuildFile; fileRef = 6C4B07E02BE8C5F10057C9CF /* wasteManagementApp.swift */; };
		6C4B07E32BE8C5F10057C9CF /* ContentView.swift in Sources */ = {isa = PBXBuildFile; fileRef = 6C4B07E22BE8C5F10057C9CF /* ContentView.swift */; };
		6C4B07E52BE8C5F30057C9CF /* Assets.xcassets in Resources */ = {isa = PBXBuildFile; fileRef = 6C4B07E42BE8C5F30057C9CF /* Assets.xcassets */; };
		6C4B07E82BE8C5F30057C9CF /* Preview Assets.xcassets in Resources */ = {isa = PBXBuildFile; fileRef = 6C4B07E72BE8C5F30057C9CF /* Preview Assets.xcassets */; };
		6C4B07F02BE8C6850057C9CF /* InfoView.swift in Sources */ = {isa = PBXBuildFile; fileRef = 6C4B07EF2BE8C6850057C9CF /* InfoView.swift */; };
		6C4B07F22BE8C6EB0057C9CF /* MapView.swift in Sources */ = {isa = PBXBuildFile; fileRef = 6C4B07F12BE8C6EA0057C9CF /* MapView.swift */; };
		6C4B07F42BE8CDC20057C9CF /* RecyclingView.swift in Sources */ = {isa = PBXBuildFile; fileRef = 6C4B07F32BE8CDC20057C9CF /* RecyclingView.swift */; };
		6C4B07F62BE8D9580057C9CF /* LandfillView.swift in Sources */ = {isa = PBXBuildFile; fileRef = 6C4B07F52BE8D9580057C9CF /* LandfillView.swift */; };
		6C4B07F82BE8D98B0057C9CF /* IncinerationView.swift in Sources */ = {isa = PBXBuildFile; fileRef = 6C4B07F72BE8D98B0057C9CF /* IncinerationView.swift */; };
		6C4B07FA2BE8D9B00057C9CF /* CompostingView.swift in Sources */ = {isa = PBXBuildFile; fileRef = 6C4B07F92BE8D9B00057C9CF /* CompostingView.swift */; };
		6C4B080D2BE8E6E00057C9CF /* PlaceAnnotation.swift in Sources */ = {isa = PBXBuildFile; fileRef = 6C4B080C2BE8E6E00057C9CF /* PlaceAnnotation.swift */; };
		6C5B6B992BED393E009D76F8 /* BonusView.swift in Sources */ = {isa = PBXBuildFile; fileRef = 6C5B6B982BED393E009D76F8 /* BonusView.swift */; };
		6C5B6B9B2BED3C3E009D76F8 /* CardView.swift in Sources */ = {isa = PBXBuildFile; fileRef = 6C5B6B9A2BED3C3E009D76F8 /* CardView.swift */; };
		6C5B6B9D2BED3C6C009D76F8 /* ExchangeListView.swift in Sources */ = {isa = PBXBuildFile; fileRef = 6C5B6B9C2BED3C6C009D76F8 /* ExchangeListView.swift */; };
		6C5B6BA42BED4ADA009D76F8 /* LoginView.swift in Sources */ = {isa = PBXBuildFile; fileRef = 6C5B6BA32BED4ADA009D76F8 /* LoginView.swift */; };
		6C5B6BA72BED55FA009D76F8 /* RegistrationView.swift in Sources */ = {isa = PBXBuildFile; fileRef = 6C5B6BA62BED55FA009D76F8 /* RegistrationView.swift */; };
		6C5B6BA92BED583C009D76F8 /* ProfileView.swift in Sources */ = {isa = PBXBuildFile; fileRef = 6C5B6BA82BED583C009D76F8 /* ProfileView.swift */; };
		6C5B6BAB2BED5BC0009D76F8 /* User.swift in Sources */ = {isa = PBXBuildFile; fileRef = 6C5B6BAA2BED5BC0009D76F8 /* User.swift */; };
		6C5B6BAD2BED60BC009D76F8 /* GoogleService-Info.plist in Resources */ = {isa = PBXBuildFile; fileRef = 6C5B6BAC2BED60BC009D76F8 /* GoogleService-Info.plist */; };
		6C5B6BB02BED62AD009D76F8 /* FirebaseAnalytics in Frameworks */ = {isa = PBXBuildFile; productRef = 6C5B6BAF2BED62AD009D76F8 /* FirebaseAnalytics */; };
		6C5B6BB22BED62AD009D76F8 /* FirebaseAnalyticsOnDeviceConversion in Frameworks */ = {isa = PBXBuildFile; productRef = 6C5B6BB12BED62AD009D76F8 /* FirebaseAnalyticsOnDeviceConversion */; };
		6C5B6BB42BED62AD009D76F8 /* FirebaseAnalyticsSwift in Frameworks */ = {isa = PBXBuildFile; productRef = 6C5B6BB32BED62AD009D76F8 /* FirebaseAnalyticsSwift */; };
		6C5B6BB62BED62AD009D76F8 /* FirebaseAnalyticsWithoutAdIdSupport in Frameworks */ = {isa = PBXBuildFile; productRef = 6C5B6BB52BED62AD009D76F8 /* FirebaseAnalyticsWithoutAdIdSupport */; };
		6C5B6BB82BED62AD009D76F8 /* FirebaseAppCheck in Frameworks */ = {isa = PBXBuildFile; productRef = 6C5B6BB72BED62AD009D76F8 /* FirebaseAppCheck */; };
		6C5B6BBA2BED62AD009D76F8 /* FirebaseAppDistribution-Beta in Frameworks */ = {isa = PBXBuildFile; productRef = 6C5B6BB92BED62AD009D76F8 /* FirebaseAppDistribution-Beta */; };
		6C5B6BBC2BED62AD009D76F8 /* FirebaseAuth in Frameworks */ = {isa = PBXBuildFile; productRef = 6C5B6BBB2BED62AD009D76F8 /* FirebaseAuth */; };
		6C5B6BBE2BED62AD009D76F8 /* FirebaseAuthCombine-Community in Frameworks */ = {isa = PBXBuildFile; productRef = 6C5B6BBD2BED62AD009D76F8 /* FirebaseAuthCombine-Community */; };
		6C5B6BC02BED62AD009D76F8 /* FirebaseCrashlytics in Frameworks */ = {isa = PBXBuildFile; productRef = 6C5B6BBF2BED62AD009D76F8 /* FirebaseCrashlytics */; };
		6C5B6BC22BED62AD009D76F8 /* FirebaseDatabase in Frameworks */ = {isa = PBXBuildFile; productRef = 6C5B6BC12BED62AD009D76F8 /* FirebaseDatabase */; };
		6C5B6BC42BED62AD009D76F8 /* FirebaseDatabaseSwift in Frameworks */ = {isa = PBXBuildFile; productRef = 6C5B6BC32BED62AD009D76F8 /* FirebaseDatabaseSwift */; };
		6C5B6BC62BED62AD009D76F8 /* FirebaseDynamicLinks in Frameworks */ = {isa = PBXBuildFile; productRef = 6C5B6BC52BED62AD009D76F8 /* FirebaseDynamicLinks */; };
		6C5B6BC82BED62AD009D76F8 /* FirebaseFirestore in Frameworks */ = {isa = PBXBuildFile; productRef = 6C5B6BC72BED62AD009D76F8 /* FirebaseFirestore */; };
		6C5B6BCA2BED62AD009D76F8 /* FirebaseFirestoreCombine-Community in Frameworks */ = {isa = PBXBuildFile; productRef = 6C5B6BC92BED62AD009D76F8 /* FirebaseFirestoreCombine-Community */; };
		6C5B6BCC2BED62AD009D76F8 /* FirebaseFirestoreSwift in Frameworks */ = {isa = PBXBuildFile; productRef = 6C5B6BCB2BED62AD009D76F8 /* FirebaseFirestoreSwift */; };
		6C5B6BCE2BED6319009D76F8 /* AuthViewModel.swift in Sources */ = {isa = PBXBuildFile; fileRef = 6C5B6BCD2BED6319009D76F8 /* AuthViewModel.swift */; };
/* End PBXBuildFile section */

/* Begin PBXFileReference section */
		6C4B07DD2BE8C5F10057C9CF /* wasteManagement.app */ = {isa = PBXFileReference; explicitFileType = wrapper.application; includeInIndex = 0; path = wasteManagement.app; sourceTree = BUILT_PRODUCTS_DIR; };
		6C4B07E02BE8C5F10057C9CF /* wasteManagementApp.swift */ = {isa = PBXFileReference; lastKnownFileType = sourcecode.swift; path = wasteManagementApp.swift; sourceTree = "<group>"; };
		6C4B07E22BE8C5F10057C9CF /* ContentView.swift */ = {isa = PBXFileReference; lastKnownFileType = sourcecode.swift; path = ContentView.swift; sourceTree = "<group>"; };
		6C4B07E42BE8C5F30057C9CF /* Assets.xcassets */ = {isa = PBXFileReference; lastKnownFileType = folder.assetcatalog; path = Assets.xcassets; sourceTree = "<group>"; };
		6C4B07E72BE8C5F30057C9CF /* Preview Assets.xcassets */ = {isa = PBXFileReference; lastKnownFileType = folder.assetcatalog; path = "Preview Assets.xcassets"; sourceTree = "<group>"; };
		6C4B07EF2BE8C6850057C9CF /* InfoView.swift */ = {isa = PBXFileReference; lastKnownFileType = sourcecode.swift; path = InfoView.swift; sourceTree = "<group>"; };
		6C4B07F12BE8C6EA0057C9CF /* MapView.swift */ = {isa = PBXFileReference; lastKnownFileType = sourcecode.swift; path = MapView.swift; sourceTree = "<group>"; };
		6C4B07F32BE8CDC20057C9CF /* RecyclingView.swift */ = {isa = PBXFileReference; lastKnownFileType = sourcecode.swift; path = RecyclingView.swift; sourceTree = "<group>"; };
		6C4B07F52BE8D9580057C9CF /* LandfillView.swift */ = {isa = PBXFileReference; lastKnownFileType = sourcecode.swift; path = LandfillView.swift; sourceTree = "<group>"; };
		6C4B07F72BE8D98B0057C9CF /* IncinerationView.swift */ = {isa = PBXFileReference; lastKnownFileType = sourcecode.swift; path = IncinerationView.swift; sourceTree = "<group>"; };
		6C4B07F92BE8D9B00057C9CF /* CompostingView.swift */ = {isa = PBXFileReference; lastKnownFileType = sourcecode.swift; path = CompostingView.swift; sourceTree = "<group>"; };
		6C4B080C2BE8E6E00057C9CF /* PlaceAnnotation.swift */ = {isa = PBXFileReference; lastKnownFileType = sourcecode.swift; path = PlaceAnnotation.swift; sourceTree = "<group>"; };
		6C5B6B982BED393E009D76F8 /* BonusView.swift */ = {isa = PBXFileReference; lastKnownFileType = sourcecode.swift; path = BonusView.swift; sourceTree = "<group>"; };
		6C5B6B9A2BED3C3E009D76F8 /* CardView.swift */ = {isa = PBXFileReference; lastKnownFileType = sourcecode.swift; path = CardView.swift; sourceTree = "<group>"; };
		6C5B6B9C2BED3C6C009D76F8 /* ExchangeListView.swift */ = {isa = PBXFileReference; lastKnownFileType = sourcecode.swift; path = ExchangeListView.swift; sourceTree = "<group>"; };
		6C5B6BA32BED4ADA009D76F8 /* LoginView.swift */ = {isa = PBXFileReference; lastKnownFileType = sourcecode.swift; path = LoginView.swift; sourceTree = "<group>"; };
		6C5B6BA62BED55FA009D76F8 /* RegistrationView.swift */ = {isa = PBXFileReference; lastKnownFileType = sourcecode.swift; path = RegistrationView.swift; sourceTree = "<group>"; };
		6C5B6BA82BED583C009D76F8 /* ProfileView.swift */ = {isa = PBXFileReference; lastKnownFileType = sourcecode.swift; path = ProfileView.swift; sourceTree = "<group>"; };
		6C5B6BAA2BED5BC0009D76F8 /* User.swift */ = {isa = PBXFileReference; lastKnownFileType = sourcecode.swift; path = User.swift; sourceTree = "<group>"; };
		6C5B6BAC2BED60BC009D76F8 /* GoogleService-Info.plist */ = {isa = PBXFileReference; lastKnownFileType = text.plist.xml; name = "GoogleService-Info.plist"; path = "wasteManagement/GoogleService-Info.plist"; sourceTree = SOURCE_ROOT; };
		6C5B6BCD2BED6319009D76F8 /* AuthViewModel.swift */ = {isa = PBXFileReference; lastKnownFileType = sourcecode.swift; path = AuthViewModel.swift; sourceTree = "<group>"; };
/* End PBXFileReference section */

/* Begin PBXFrameworksBuildPhase section */
		6C4B07DA2BE8C5F10057C9CF /* Frameworks */ = {
			isa = PBXFrameworksBuildPhase;
			buildActionMask = 2147483647;
			files = (
				6C5B6BC22BED62AD009D76F8 /* FirebaseDatabase in Frameworks */,
				6C5B6BC82BED62AD009D76F8 /* FirebaseFirestore in Frameworks */,
				6C5B6BB42BED62AD009D76F8 /* FirebaseAnalyticsSwift in Frameworks */,
				6C5B6BB02BED62AD009D76F8 /* FirebaseAnalytics in Frameworks */,
				6C5B6BB22BED62AD009D76F8 /* FirebaseAnalyticsOnDeviceConversion in Frameworks */,
				6C5B6BCC2BED62AD009D76F8 /* FirebaseFirestoreSwift in Frameworks */,
				6C5B6BB82BED62AD009D76F8 /* FirebaseAppCheck in Frameworks */,
				6C5B6BB62BED62AD009D76F8 /* FirebaseAnalyticsWithoutAdIdSupport in Frameworks */,
				6C5B6BBC2BED62AD009D76F8 /* FirebaseAuth in Frameworks */,
				6C5B6BC02BED62AD009D76F8 /* FirebaseCrashlytics in Frameworks */,
				6C5B6BC42BED62AD009D76F8 /* FirebaseDatabaseSwift in Frameworks */,
				6C5B6BBA2BED62AD009D76F8 /* FirebaseAppDistribution-Beta in Frameworks */,
				6C5B6BBE2BED62AD009D76F8 /* FirebaseAuthCombine-Community in Frameworks */,
				6C5B6BC62BED62AD009D76F8 /* FirebaseDynamicLinks in Frameworks */,
				6C5B6BCA2BED62AD009D76F8 /* FirebaseFirestoreCombine-Community in Frameworks */,
			);
			runOnlyForDeploymentPostprocessing = 0;
		};
/* End PBXFrameworksBuildPhase section */

/* Begin PBXGroup section */
		6C4B07D42BE8C5F10057C9CF = {
			isa = PBXGroup;
			children = (
				6C4B07DF2BE8C5F10057C9CF /* wasteManagement */,
				6C4B07DE2BE8C5F10057C9CF /* Products */,
			);
			sourceTree = "<group>";
		};
		6C4B07DE2BE8C5F10057C9CF /* Products */ = {
			isa = PBXGroup;
			children = (
				6C4B07DD2BE8C5F10057C9CF /* wasteManagement.app */,
			);
			name = Products;
			sourceTree = "<group>";
		};
		6C4B07DF2BE8C5F10057C9CF /* wasteManagement */ = {
			isa = PBXGroup;
			children = (
				6C5B6BA52BED5006009D76F8 /* Authentication */,
				6C4B080B2BE8E6D20057C9CF /* Model */,
				6C4B07EE2BE8C65D0057C9CF /* View */,
				6C4B07E02BE8C5F10057C9CF /* wasteManagementApp.swift */,
				6C4B07E22BE8C5F10057C9CF /* ContentView.swift */,
				6C4B07E42BE8C5F30057C9CF /* Assets.xcassets */,
				6C5B6BAC2BED60BC009D76F8 /* GoogleService-Info.plist */,
				6C4B07E62BE8C5F30057C9CF /* Preview Content */,
			);
			path = wasteManagement;
			sourceTree = "<group>";
		};
		6C4B07E62BE8C5F30057C9CF /* Preview Content */ = {
			isa = PBXGroup;
			children = (
				6C4B07E72BE8C5F30057C9CF /* Preview Assets.xcassets */,
			);
			path = "Preview Content";
			sourceTree = "<group>";
		};
		6C4B07EE2BE8C65D0057C9CF /* View */ = {
			isa = PBXGroup;
			children = (
				6C5B6BA82BED583C009D76F8 /* ProfileView.swift */,
				6C4B07EF2BE8C6850057C9CF /* InfoView.swift */,
				6C4B07F12BE8C6EA0057C9CF /* MapView.swift */,
				6C4B07F32BE8CDC20057C9CF /* RecyclingView.swift */,
				6C4B07F52BE8D9580057C9CF /* LandfillView.swift */,
				6C4B07F72BE8D98B0057C9CF /* IncinerationView.swift */,
				6C4B07F92BE8D9B00057C9CF /* CompostingView.swift */,
				6C5B6B982BED393E009D76F8 /* BonusView.swift */,
				6C5B6B9A2BED3C3E009D76F8 /* CardView.swift */,
				6C5B6B9C2BED3C6C009D76F8 /* ExchangeListView.swift */,
			);
			path = View;
			sourceTree = "<group>";
		};
		6C4B080B2BE8E6D20057C9CF /* Model */ = {
			isa = PBXGroup;
			children = (
				6C4B080C2BE8E6E00057C9CF /* PlaceAnnotation.swift */,
				6C5B6BAA2BED5BC0009D76F8 /* User.swift */,
			);
			path = Model;
			sourceTree = "<group>";
		};
		6C5B6BA52BED5006009D76F8 /* Authentication */ = {
			isa = PBXGroup;
			children = (
				6C5B6BA32BED4ADA009D76F8 /* LoginView.swift */,
				6C5B6BA62BED55FA009D76F8 /* RegistrationView.swift */,
				6C5B6BCD2BED6319009D76F8 /* AuthViewModel.swift */,
			);
			path = Authentication;
			sourceTree = "<group>";
		};
/* End PBXGroup section */

/* Begin PBXNativeTarget section */
		6C4B07DC2BE8C5F10057C9CF /* wasteManagement */ = {
			isa = PBXNativeTarget;
			buildConfigurationList = 6C4B07EB2BE8C5F30057C9CF /* Build configuration list for PBXNativeTarget "wasteManagement" */;
			buildPhases = (
				6C4B07D92BE8C5F10057C9CF /* Sources */,
				6C4B07DA2BE8C5F10057C9CF /* Frameworks */,
				6C4B07DB2BE8C5F10057C9CF /* Resources */,
			);
			buildRules = (
			);
			dependencies = (
			);
			name = wasteManagement;
			packageProductDependencies = (
				6C5B6BAF2BED62AD009D76F8 /* FirebaseAnalytics */,
				6C5B6BB12BED62AD009D76F8 /* FirebaseAnalyticsOnDeviceConversion */,
				6C5B6BB32BED62AD009D76F8 /* FirebaseAnalyticsSwift */,
				6C5B6BB52BED62AD009D76F8 /* FirebaseAnalyticsWithoutAdIdSupport */,
				6C5B6BB72BED62AD009D76F8 /* FirebaseAppCheck */,
				6C5B6BB92BED62AD009D76F8 /* FirebaseAppDistribution-Beta */,
				6C5B6BBB2BED62AD009D76F8 /* FirebaseAuth */,
				6C5B6BBD2BED62AD009D76F8 /* FirebaseAuthCombine-Community */,
				6C5B6BBF2BED62AD009D76F8 /* FirebaseCrashlytics */,
				6C5B6BC12BED62AD009D76F8 /* FirebaseDatabase */,
				6C5B6BC32BED62AD009D76F8 /* FirebaseDatabaseSwift */,
				6C5B6BC52BED62AD009D76F8 /* FirebaseDynamicLinks */,
				6C5B6BC72BED62AD009D76F8 /* FirebaseFirestore */,
				6C5B6BC92BED62AD009D76F8 /* FirebaseFirestoreCombine-Community */,
				6C5B6BCB2BED62AD009D76F8 /* FirebaseFirestoreSwift */,
			);
			productName = wasteManagement;
			productReference = 6C4B07DD2BE8C5F10057C9CF /* wasteManagement.app */;
			productType = "com.apple.product-type.application";
		};
/* End PBXNativeTarget section */

/* Begin PBXProject section */
		6C4B07D52BE8C5F10057C9CF /* Project object */ = {
			isa = PBXProject;
			attributes = {
				BuildIndependentTargetsInParallel = 1;
				LastSwiftUpdateCheck = 1510;
				LastUpgradeCheck = 1510;
				TargetAttributes = {
					6C4B07DC2BE8C5F10057C9CF = {
						CreatedOnToolsVersion = 15.1;
					};
				};
			};
			buildConfigurationList = 6C4B07D82BE8C5F10057C9CF /* Build configuration list for PBXProject "wasteManagement" */;
			compatibilityVersion = "Xcode 14.0";
			developmentRegion = en;
			hasScannedForEncodings = 0;
			knownRegions = (
				en,
				Base,
			);
			mainGroup = 6C4B07D42BE8C5F10057C9CF;
			packageReferences = (
				6C5B6BAE2BED62AC009D76F8 /* XCRemoteSwiftPackageReference "firebase-ios-sdk" */,
			);
			productRefGroup = 6C4B07DE2BE8C5F10057C9CF /* Products */;
			projectDirPath = "";
			projectRoot = "";
			targets = (
				6C4B07DC2BE8C5F10057C9CF /* wasteManagement */,
			);
		};
/* End PBXProject section */

/* Begin PBXResourcesBuildPhase section */
		6C4B07DB2BE8C5F10057C9CF /* Resources */ = {
			isa = PBXResourcesBuildPhase;
			buildActionMask = 2147483647;
			files = (
				6C4B07E82BE8C5F30057C9CF /* Preview Assets.xcassets in Resources */,
				6C4B07E52BE8C5F30057C9CF /* Assets.xcassets in Resources */,
				6C5B6BAD2BED60BC009D76F8 /* GoogleService-Info.plist in Resources */,
			);
			runOnlyForDeploymentPostprocessing = 0;
		};
/* End PBXResourcesBuildPhase section */

/* Begin PBXSourcesBuildPhase section */
		6C4B07D92BE8C5F10057C9CF /* Sources */ = {
			isa = PBXSourcesBuildPhase;
			buildActionMask = 2147483647;
			files = (
				6C4B07E32BE8C5F10057C9CF /* ContentView.swift in Sources */,
				6C4B080D2BE8E6E00057C9CF /* PlaceAnnotation.swift in Sources */,
				6C5B6B992BED393E009D76F8 /* BonusView.swift in Sources */,
				6C5B6BA72BED55FA009D76F8 /* RegistrationView.swift in Sources */,
				6C5B6BAB2BED5BC0009D76F8 /* User.swift in Sources */,
				6C4B07F42BE8CDC20057C9CF /* RecyclingView.swift in Sources */,
				6C4B07F22BE8C6EB0057C9CF /* MapView.swift in Sources */,
				6C5B6BCE2BED6319009D76F8 /* AuthViewModel.swift in Sources */,
				6C4B07F02BE8C6850057C9CF /* InfoView.swift in Sources */,
				6C5B6BA92BED583C009D76F8 /* ProfileView.swift in Sources */,
				6C4B07F82BE8D98B0057C9CF /* IncinerationView.swift in Sources */,
				6C4B07FA2BE8D9B00057C9CF /* CompostingView.swift in Sources */,
				6C4B07F62BE8D9580057C9CF /* LandfillView.swift in Sources */,
				6C5B6B9B2BED3C3E009D76F8 /* CardView.swift in Sources */,
				6C5B6BA42BED4ADA009D76F8 /* LoginView.swift in Sources */,
				6C4B07E12BE8C5F10057C9CF /* wasteManagementApp.swift in Sources */,
				6C5B6B9D2BED3C6C009D76F8 /* ExchangeListView.swift in Sources */,
			);
			runOnlyForDeploymentPostprocessing = 0;
		};
/* End PBXSourcesBuildPhase section */

/* Begin XCBuildConfiguration section */
		6C4B07E92BE8C5F30057C9CF /* Debug */ = {
			isa = XCBuildConfiguration;
			buildSettings = {
				ALWAYS_SEARCH_USER_PATHS = NO;
				ASSETCATALOG_COMPILER_GENERATE_SWIFT_ASSET_SYMBOL_EXTENSIONS = YES;
				CLANG_ANALYZER_NONNULL = YES;
				CLANG_ANALYZER_NUMBER_OBJECT_CONVERSION = YES_AGGRESSIVE;
				CLANG_CXX_LANGUAGE_STANDARD = "gnu++20";
				CLANG_ENABLE_MODULES = YES;
				CLANG_ENABLE_OBJC_ARC = YES;
				CLANG_ENABLE_OBJC_WEAK = YES;
				CLANG_WARN_BLOCK_CAPTURE_AUTORELEASING = YES;
				CLANG_WARN_BOOL_CONVERSION = YES;
				CLANG_WARN_COMMA = YES;
				CLANG_WARN_CONSTANT_CONVERSION = YES;
				CLANG_WARN_DEPRECATED_OBJC_IMPLEMENTATIONS = YES;
				CLANG_WARN_DIRECT_OBJC_ISA_USAGE = YES_ERROR;
				CLANG_WARN_DOCUMENTATION_COMMENTS = YES;
				CLANG_WARN_EMPTY_BODY = YES;
				CLANG_WARN_ENUM_CONVERSION = YES;
				CLANG_WARN_INFINITE_RECURSION = YES;
				CLANG_WARN_INT_CONVERSION = YES;
				CLANG_WARN_NON_LITERAL_NULL_CONVERSION = YES;
				CLANG_WARN_OBJC_IMPLICIT_RETAIN_SELF = YES;
				CLANG_WARN_OBJC_LITERAL_CONVERSION = YES;
				CLANG_WARN_OBJC_ROOT_CLASS = YES_ERROR;
				CLANG_WARN_QUOTED_INCLUDE_IN_FRAMEWORK_HEADER = YES;
				CLANG_WARN_RANGE_LOOP_ANALYSIS = YES;
				CLANG_WARN_STRICT_PROTOTYPES = YES;
				CLANG_WARN_SUSPICIOUS_MOVE = YES;
				CLANG_WARN_UNGUARDED_AVAILABILITY = YES_AGGRESSIVE;
				CLANG_WARN_UNREACHABLE_CODE = YES;
				CLANG_WARN__DUPLICATE_METHOD_MATCH = YES;
				COPY_PHASE_STRIP = NO;
				DEBUG_INFORMATION_FORMAT = dwarf;
				ENABLE_STRICT_OBJC_MSGSEND = YES;
				ENABLE_TESTABILITY = YES;
				ENABLE_USER_SCRIPT_SANDBOXING = YES;
				GCC_C_LANGUAGE_STANDARD = gnu17;
				GCC_DYNAMIC_NO_PIC = NO;
				GCC_NO_COMMON_BLOCKS = YES;
				GCC_OPTIMIZATION_LEVEL = 0;
				GCC_PREPROCESSOR_DEFINITIONS = (
					"DEBUG=1",
					"$(inherited)",
				);
				GCC_WARN_64_TO_32_BIT_CONVERSION = YES;
				GCC_WARN_ABOUT_RETURN_TYPE = YES_ERROR;
				GCC_WARN_UNDECLARED_SELECTOR = YES;
				GCC_WARN_UNINITIALIZED_AUTOS = YES_AGGRESSIVE;
				GCC_WARN_UNUSED_FUNCTION = YES;
				GCC_WARN_UNUSED_VARIABLE = YES;
				IPHONEOS_DEPLOYMENT_TARGET = 17.2;
				LOCALIZATION_PREFERS_STRING_CATALOGS = YES;
				MTL_ENABLE_DEBUG_INFO = INCLUDE_SOURCE;
				MTL_FAST_MATH = YES;
				ONLY_ACTIVE_ARCH = YES;
				SDKROOT = iphoneos;
				SWIFT_ACTIVE_COMPILATION_CONDITIONS = "DEBUG $(inherited)";
				SWIFT_OPTIMIZATION_LEVEL = "-Onone";
			};
			name = Debug;
		};
		6C4B07EA2BE8C5F30057C9CF /* Release */ = {
			isa = XCBuildConfiguration;
			buildSettings = {
				ALWAYS_SEARCH_USER_PATHS = NO;
				ASSETCATALOG_COMPILER_GENERATE_SWIFT_ASSET_SYMBOL_EXTENSIONS = YES;
				CLANG_ANALYZER_NONNULL = YES;
				CLANG_ANALYZER_NUMBER_OBJECT_CONVERSION = YES_AGGRESSIVE;
				CLANG_CXX_LANGUAGE_STANDARD = "gnu++20";
				CLANG_ENABLE_MODULES = YES;
				CLANG_ENABLE_OBJC_ARC = YES;
				CLANG_ENABLE_OBJC_WEAK = YES;
				CLANG_WARN_BLOCK_CAPTURE_AUTORELEASING = YES;
				CLANG_WARN_BOOL_CONVERSION = YES;
				CLANG_WARN_COMMA = YES;
				CLANG_WARN_CONSTANT_CONVERSION = YES;
				CLANG_WARN_DEPRECATED_OBJC_IMPLEMENTATIONS = YES;
				CLANG_WARN_DIRECT_OBJC_ISA_USAGE = YES_ERROR;
				CLANG_WARN_DOCUMENTATION_COMMENTS = YES;
				CLANG_WARN_EMPTY_BODY = YES;
				CLANG_WARN_ENUM_CONVERSION = YES;
				CLANG_WARN_INFINITE_RECURSION = YES;
				CLANG_WARN_INT_CONVERSION = YES;
				CLANG_WARN_NON_LITERAL_NULL_CONVERSION = YES;
				CLANG_WARN_OBJC_IMPLICIT_RETAIN_SELF = YES;
				CLANG_WARN_OBJC_LITERAL_CONVERSION = YES;
				CLANG_WARN_OBJC_ROOT_CLASS = YES_ERROR;
				CLANG_WARN_QUOTED_INCLUDE_IN_FRAMEWORK_HEADER = YES;
				CLANG_WARN_RANGE_LOOP_ANALYSIS = YES;
				CLANG_WARN_STRICT_PROTOTYPES = YES;
				CLANG_WARN_SUSPICIOUS_MOVE = YES;
				CLANG_WARN_UNGUARDED_AVAILABILITY = YES_AGGRESSIVE;
				CLANG_WARN_UNREACHABLE_CODE = YES;
				CLANG_WARN__DUPLICATE_METHOD_MATCH = YES;
				COPY_PHASE_STRIP = NO;
				DEBUG_INFORMATION_FORMAT = "dwarf-with-dsym";
				ENABLE_NS_ASSERTIONS = NO;
				ENABLE_STRICT_OBJC_MSGSEND = YES;
				ENABLE_USER_SCRIPT_SANDBOXING = YES;
				GCC_C_LANGUAGE_STANDARD = gnu17;
				GCC_NO_COMMON_BLOCKS = YES;
				GCC_WARN_64_TO_32_BIT_CONVERSION = YES;
				GCC_WARN_ABOUT_RETURN_TYPE = YES_ERROR;
				GCC_WARN_UNDECLARED_SELECTOR = YES;
				GCC_WARN_UNINITIALIZED_AUTOS = YES_AGGRESSIVE;
				GCC_WARN_UNUSED_FUNCTION = YES;
				GCC_WARN_UNUSED_VARIABLE = YES;
				IPHONEOS_DEPLOYMENT_TARGET = 17.2;
				LOCALIZATION_PREFERS_STRING_CATALOGS = YES;
				MTL_ENABLE_DEBUG_INFO = NO;
				MTL_FAST_MATH = YES;
				SDKROOT = iphoneos;
				SWIFT_COMPILATION_MODE = wholemodule;
				VALIDATE_PRODUCT = YES;
			};
			name = Release;
		};
		6C4B07EC2BE8C5F30057C9CF /* Debug */ = {
			isa = XCBuildConfiguration;
			buildSettings = {
				ASSETCATALOG_COMPILER_APPICON_NAME = AppIcon;
				ASSETCATALOG_COMPILER_GLOBAL_ACCENT_COLOR_NAME = AccentColor;
				CODE_SIGN_STYLE = Automatic;
				CURRENT_PROJECT_VERSION = 1;
				DEVELOPMENT_ASSET_PATHS = "\"wasteManagement/Preview Content\"";
				ENABLE_PREVIEWS = YES;
				GENERATE_INFOPLIST_FILE = YES;
				INFOPLIST_KEY_LSApplicationCategoryType = "";
				INFOPLIST_KEY_NSLocationAlwaysUsageDescription = "May we use your location to fetch the data?";
				INFOPLIST_KEY_NSLocationWhenInUseUsageDescription = "App would like to use your location for the map.";
				INFOPLIST_KEY_UIApplicationSceneManifest_Generation = YES;
				INFOPLIST_KEY_UIApplicationSupportsIndirectInputEvents = YES;
				INFOPLIST_KEY_UILaunchScreen_Generation = YES;
				INFOPLIST_KEY_UISupportedInterfaceOrientations_iPad = "UIInterfaceOrientationPortrait UIInterfaceOrientationPortraitUpsideDown UIInterfaceOrientationLandscapeLeft UIInterfaceOrientationLandscapeRight";
				INFOPLIST_KEY_UISupportedInterfaceOrientations_iPhone = "UIInterfaceOrientationPortrait UIInterfaceOrientationLandscapeLeft UIInterfaceOrientationLandscapeRight";
				LD_RUNPATH_SEARCH_PATHS = (
					"$(inherited)",
					"@executable_path/Frameworks",
				);
				MARKETING_VERSION = 1.0;
				PRODUCT_BUNDLE_IDENTIFIER = com.antay.wasteManagement;
				PRODUCT_NAME = "$(TARGET_NAME)";
				SWIFT_EMIT_LOC_STRINGS = YES;
				SWIFT_VERSION = 5.0;
				TARGETED_DEVICE_FAMILY = "1,2";
			};
			name = Debug;
		};
		6C4B07ED2BE8C5F30057C9CF /* Release */ = {
			isa = XCBuildConfiguration;
			buildSettings = {
				ASSETCATALOG_COMPILER_APPICON_NAME = AppIcon;
				ASSETCATALOG_COMPILER_GLOBAL_ACCENT_COLOR_NAME = AccentColor;
				CODE_SIGN_STYLE = Automatic;
				CURRENT_PROJECT_VERSION = 1;
				DEVELOPMENT_ASSET_PATHS = "\"wasteManagement/Preview Content\"";
				ENABLE_PREVIEWS = YES;
				GENERATE_INFOPLIST_FILE = YES;
				INFOPLIST_KEY_LSApplicationCategoryType = "";
				INFOPLIST_KEY_NSLocationAlwaysUsageDescription = "May we use your location to fetch the data?";
				INFOPLIST_KEY_NSLocationWhenInUseUsageDescription = "App would like to use your location for the map.";
				INFOPLIST_KEY_UIApplicationSceneManifest_Generation = YES;
				INFOPLIST_KEY_UIApplicationSupportsIndirectInputEvents = YES;
				INFOPLIST_KEY_UILaunchScreen_Generation = YES;
				INFOPLIST_KEY_UISupportedInterfaceOrientations_iPad = "UIInterfaceOrientationPortrait UIInterfaceOrientationPortraitUpsideDown UIInterfaceOrientationLandscapeLeft UIInterfaceOrientationLandscapeRight";
				INFOPLIST_KEY_UISupportedInterfaceOrientations_iPhone = "UIInterfaceOrientationPortrait UIInterfaceOrientationLandscapeLeft UIInterfaceOrientationLandscapeRight";
				LD_RUNPATH_SEARCH_PATHS = (
					"$(inherited)",
					"@executable_path/Frameworks",
				);
				MARKETING_VERSION = 1.0;
				PRODUCT_BUNDLE_IDENTIFIER = com.antay.wasteManagement;
				PRODUCT_NAME = "$(TARGET_NAME)";
				SWIFT_EMIT_LOC_STRINGS = YES;
				SWIFT_VERSION = 5.0;
				TARGETED_DEVICE_FAMILY = "1,2";
			};
			name = Release;
		};
/* End XCBuildConfiguration section */

/* Begin XCConfigurationList section */
		6C4B07D82BE8C5F10057C9CF /* Build configuration list for PBXProject "wasteManagement" */ = {
			isa = XCConfigurationList;
			buildConfigurations = (
				6C4B07E92BE8C5F30057C9CF /* Debug */,
				6C4B07EA2BE8C5F30057C9CF /* Release */,
			);
			defaultConfigurationIsVisible = 0;
			defaultConfigurationName = Release;
		};
		6C4B07EB2BE8C5F30057C9CF /* Build configuration list for PBXNativeTarget "wasteManagement" */ = {
			isa = XCConfigurationList;
			buildConfigurations = (
				6C4B07EC2BE8C5F30057C9CF /* Debug */,
				6C4B07ED2BE8C5F30057C9CF /* Release */,
			);
			defaultConfigurationIsVisible = 0;
			defaultConfigurationName = Release;
		};
/* End XCConfigurationList section */

/* Begin XCRemoteSwiftPackageReference section */
		6C5B6BAE2BED62AC009D76F8 /* XCRemoteSwiftPackageReference "firebase-ios-sdk" */ = {
			isa = XCRemoteSwiftPackageReference;
			repositoryURL = "https://github.com/firebase/firebase-ios-sdk";
			requirement = {
				kind = upToNextMajorVersion;
				minimumVersion = 10.25.0;
			};
		};
/* End XCRemoteSwiftPackageReference section */

/* Begin XCSwiftPackageProductDependency section */
		6C5B6BAF2BED62AD009D76F8 /* FirebaseAnalytics */ = {
			isa = XCSwiftPackageProductDependency;
			package = 6C5B6BAE2BED62AC009D76F8 /* XCRemoteSwiftPackageReference "firebase-ios-sdk" */;
			productName = FirebaseAnalytics;
		};
		6C5B6BB12BED62AD009D76F8 /* FirebaseAnalyticsOnDeviceConversion */ = {
			isa = XCSwiftPackageProductDependency;
			package = 6C5B6BAE2BED62AC009D76F8 /* XCRemoteSwiftPackageReference "firebase-ios-sdk" */;
			productName = FirebaseAnalyticsOnDeviceConversion;
		};
		6C5B6BB32BED62AD009D76F8 /* FirebaseAnalyticsSwift */ = {
			isa = XCSwiftPackageProductDependency;
			package = 6C5B6BAE2BED62AC009D76F8 /* XCRemoteSwiftPackageReference "firebase-ios-sdk" */;
			productName = FirebaseAnalyticsSwift;
		};
		6C5B6BB52BED62AD009D76F8 /* FirebaseAnalyticsWithoutAdIdSupport */ = {
			isa = XCSwiftPackageProductDependency;
			package = 6C5B6BAE2BED62AC009D76F8 /* XCRemoteSwiftPackageReference "firebase-ios-sdk" */;
			productName = FirebaseAnalyticsWithoutAdIdSupport;
		};
		6C5B6BB72BED62AD009D76F8 /* FirebaseAppCheck */ = {
			isa = XCSwiftPackageProductDependency;
			package = 6C5B6BAE2BED62AC009D76F8 /* XCRemoteSwiftPackageReference "firebase-ios-sdk" */;
			productName = FirebaseAppCheck;
		};
		6C5B6BB92BED62AD009D76F8 /* FirebaseAppDistribution-Beta */ = {
			isa = XCSwiftPackageProductDependency;
			package = 6C5B6BAE2BED62AC009D76F8 /* XCRemoteSwiftPackageReference "firebase-ios-sdk" */;
			productName = "FirebaseAppDistribution-Beta";
		};
		6C5B6BBB2BED62AD009D76F8 /* FirebaseAuth */ = {
			isa = XCSwiftPackageProductDependency;
			package = 6C5B6BAE2BED62AC009D76F8 /* XCRemoteSwiftPackageReference "firebase-ios-sdk" */;
			productName = FirebaseAuth;
		};
		6C5B6BBD2BED62AD009D76F8 /* FirebaseAuthCombine-Community */ = {
			isa = XCSwiftPackageProductDependency;
			package = 6C5B6BAE2BED62AC009D76F8 /* XCRemoteSwiftPackageReference "firebase-ios-sdk" */;
			productName = "FirebaseAuthCombine-Community";
		};
		6C5B6BBF2BED62AD009D76F8 /* FirebaseCrashlytics */ = {
			isa = XCSwiftPackageProductDependency;
			package = 6C5B6BAE2BED62AC009D76F8 /* XCRemoteSwiftPackageReference "firebase-ios-sdk" */;
			productName = FirebaseCrashlytics;
		};
		6C5B6BC12BED62AD009D76F8 /* FirebaseDatabase */ = {
			isa = XCSwiftPackageProductDependency;
			package = 6C5B6BAE2BED62AC009D76F8 /* XCRemoteSwiftPackageReference "firebase-ios-sdk" */;
			productName = FirebaseDatabase;
		};
		6C5B6BC32BED62AD009D76F8 /* FirebaseDatabaseSwift */ = {
			isa = XCSwiftPackageProductDependency;
			package = 6C5B6BAE2BED62AC009D76F8 /* XCRemoteSwiftPackageReference "firebase-ios-sdk" */;
			productName = FirebaseDatabaseSwift;
		};
		6C5B6BC52BED62AD009D76F8 /* FirebaseDynamicLinks */ = {
			isa = XCSwiftPackageProductDependency;
			package = 6C5B6BAE2BED62AC009D76F8 /* XCRemoteSwiftPackageReference "firebase-ios-sdk" */;
			productName = FirebaseDynamicLinks;
		};
		6C5B6BC72BED62AD009D76F8 /* FirebaseFirestore */ = {
			isa = XCSwiftPackageProductDependency;
			package = 6C5B6BAE2BED62AC009D76F8 /* XCRemoteSwiftPackageReference "firebase-ios-sdk" */;
			productName = FirebaseFirestore;
		};
		6C5B6BC92BED62AD009D76F8 /* FirebaseFirestoreCombine-Community */ = {
			isa = XCSwiftPackageProductDependency;
			package = 6C5B6BAE2BED62AC009D76F8 /* XCRemoteSwiftPackageReference "firebase-ios-sdk" */;
			productName = "FirebaseFirestoreCombine-Community";
		};
		6C5B6BCB2BED62AD009D76F8 /* FirebaseFirestoreSwift */ = {
			isa = XCSwiftPackageProductDependency;
			package = 6C5B6BAE2BED62AC009D76F8 /* XCRemoteSwiftPackageReference "firebase-ios-sdk" */;
			productName = FirebaseFirestoreSwift;
		};
/* End XCSwiftPackageProductDependency section */
	};
	rootObject = 6C4B07D52BE8C5F10057C9CF /* Project object */;
}
